
Microsoft Visual Studio Solution File, Format Version 12.00
# Visual Studio 15
VisualStudioVersion = 15.0.28307.489
MinimumVisualStudioVersion = 10.0.40219.1
Project("{FAE04EC0-301F-11D3-BF4B-00C04F79EFBC}") = "Cw3", "Cw3\Cw3.csproj", "{21239CD1-5F12-4A99-A2EA-EB4F2C1C7070}"
EndProject
Global
	GlobalSection(SolutionConfigurationPlatforms) = preSolution
		Debug|Any CPU = Debug|Any CPU
		Release|Any CPU = Release|Any CPU
	EndGlobalSection
	GlobalSection(ProjectConfigurationPlatforms) = postSolution
		{21239CD1-5F12-4A99-A2EA-EB4F2C1C7070}.Debug|Any CPU.ActiveCfg = Debug|Any CPU
		{21239CD1-5F12-4A99-A2EA-EB4F2C1C7070}.Debug|Any CPU.Build.0 = Debug|Any CPU
		{21239CD1-5F12-4A99-A2EA-EB4F2C1C7070}.Release|Any CPU.ActiveCfg = Release|Any CPU
		{21239CD1-5F12-4A99-A2EA-EB4F2C1C7070}.Release|Any CPU.Build.0 = Release|Any CPU
	EndGlobalSection
	GlobalSection(SolutionProperties) = preSolution
		HideSolutionNode = FALSE
	EndGlobalSection
	GlobalSection(ExtensibilityGlobals) = postSolution
		SolutionGuid = {E51D859E-2FDC-444C-B675-EF8D3718FD4D}
	EndGlobalSection
EndGlobal
